
Microsoft Visual Studio Solution File, Format Version 12.00
# Visual Studio Version 16
VisualStudioVersion = 16.0.31129.286
MinimumVisualStudioVersion = 10.0.40219.1
Project("{FAE04EC0-301F-11D3-BF4B-00C04F79EFBC}") = "MessagingWithDatabase", "MessagingWithDatabase\MessagingWithDatabase.csproj", "{BA89730C-B6CA-4D86-AF0E-7E2B7ED190CC}"
EndProject
Global
	GlobalSection(SolutionConfigurationPlatforms) = preSolution
		Debug|Any CPU = Debug|Any CPU
		Release|Any CPU = Release|Any CPU
	EndGlobalSection
	GlobalSection(ProjectConfigurationPlatforms) = postSolution
		{BA89730C-B6CA-4D86-AF0E-7E2B7ED190CC}.Debug|Any CPU.ActiveCfg = Debug|Any CPU
		{BA89730C-B6CA-4D86-AF0E-7E2B7ED190CC}.Debug|Any CPU.Build.0 = Debug|Any CPU
		{BA89730C-B6CA-4D86-AF0E-7E2B7ED190CC}.Release|Any CPU.ActiveCfg = Release|Any CPU
		{BA89730C-B6CA-4D86-AF0E-7E2B7ED190CC}.Release|Any CPU.Build.0 = Release|Any CPU
	EndGlobalSection
	GlobalSection(SolutionProperties) = preSolution
		HideSolutionNode = FALSE
	EndGlobalSection
	GlobalSection(ExtensibilityGlobals) = postSolution
		SolutionGuid = {106BFD4D-3EA1-403A-9139-58F8466645EA}
	EndGlobalSection
EndGlobal
